hash: 0ea72aa348cfcc2e04eb07aaf1d4fdff542c0c27df25da40fccebe8f51834fc7
updated: 2018-11-05T00:25:40.8965023+05:30
imports:
- name: github.com/BurntSushi/toml
  version: 3012a1dbe2e4bd1391d42b32f0577cb7bbc7f005
- name: github.com/eefret/gomdb
  version: 8a1e0abd44497da0aa89c03b21d73e4776945c03
- name: github.com/gorilla/mux
  version: 3d80bc801bb034e17cae38591335b3b1110f1c47
- name: github.com/lib/pq
  version: 9eb73efc1fcc404148b56765b0d3f61d9a5ef8ee
  subpackages:
  - oid
testImports: []
